
Microsoft Visual Studio Solution File, Format Version 12.00
# Visual Studio 15
VisualStudioVersion = 15.0.28307.489
MinimumVisualStudioVersion = 10.0.40219.1
Project("{8BC9CEB8-8B4A-11D0-8D11-00A0C91BC942}") = "RegulatorNeuralNet", "RegulatorNeuralNet\RegulatorNeuralNet.vcxproj", "{217ABB5C-F8E6-42CE-BD3D-1A08C2071C72}"
EndProject
Global
	GlobalSection(SolutionConfigurationPlatforms) = preSolution
		Debug|x64 = Debug|x64
		Debug|x86 = Debug|x86
		Release|x64 = Release|x64
		Release|x86 = Release|x86
	EndGlobalSection
	GlobalSection(ProjectConfigurationPlatforms) = postSolution
		{217ABB5C-F8E6-42CE-BD3D-1A08C2071C72}.Debug|x64.ActiveCfg = Debug|x64
		{217ABB5C-F8E6-42CE-BD3D-1A08C2071C72}.Debug|x64.Build.0 = Debug|x64
		{217ABB5C-F8E6-42CE-BD3D-1A08C2071C72}.Debug|x86.ActiveCfg = Debug|Win32
		{217ABB5C-F8E6-42CE-BD3D-1A08C2071C72}.Debug|x86.Build.0 = Debug|Win32
		{217ABB5C-F8E6-42CE-BD3D-1A08C2071C72}.Release|x64.ActiveCfg = Release|x64
		{217ABB5C-F8E6-42CE-BD3D-1A08C2071C72}.Release|x64.Build.0 = Release|x64
		{217ABB5C-F8E6-42CE-BD3D-1A08C2071C72}.Release|x86.ActiveCfg = Release|Win32
		{217ABB5C-F8E6-42CE-BD3D-1A08C2071C72}.Release|x86.Build.0 = Release|Win32
	EndGlobalSection
	GlobalSection(SolutionProperties) = preSolution
		HideSolutionNode = FALSE
	EndGlobalSection
	GlobalSection(ExtensibilityGlobals) = postSolution
		SolutionGuid = {8DAAB574-3B0B-4713-B443-3FC63595ABBD}
	EndGlobalSection
EndGlobal
